
Microsoft Visual Studio Solution File, Format Version 12.00
# Visual Studio 15
VisualStudioVersion = 15.0.27130.2024
MinimumVisualStudioVersion = 10.0.40219.1
Project("{FAE04EC0-301F-11D3-BF4B-00C04F79EFBC}") = "PasswordGenerator", "PasswordGenerator\PasswordGenerator.csproj", "{BDCE9E80-D5BC-4CCE-9C6A-246384762F94}"
EndProject
Global
	GlobalSection(SolutionConfigurationPlatforms) = preSolution
		Debug|Any CPU = Debug|Any CPU
		Release|Any CPU = Release|Any CPU
	EndGlobalSection
	GlobalSection(ProjectConfigurationPlatforms) = postSolution
		{BDCE9E80-D5BC-4CCE-9C6A-246384762F94}.Debug|Any CPU.ActiveCfg = Debug|Any CPU
		{BDCE9E80-D5BC-4CCE-9C6A-246384762F94}.Debug|Any CPU.Build.0 = Debug|Any CPU
		{BDCE9E80-D5BC-4CCE-9C6A-246384762F94}.Release|Any CPU.ActiveCfg = Release|Any CPU
		{BDCE9E80-D5BC-4CCE-9C6A-246384762F94}.Release|Any CPU.Build.0 = Release|Any CPU
	EndGlobalSection
	GlobalSection(SolutionProperties) = preSolution
		HideSolutionNode = FALSE
	EndGlobalSection
	GlobalSection(ExtensibilityGlobals) = postSolution
		SolutionGuid = {F1BF6767-0783-4037-A27A-CE7C8067D96D}
	EndGlobalSection
EndGlobal
